
Microsoft Visual Studio Solution File, Format Version 12.00
Project("{2150E333-8FDC-42A3-9474-1A3956D46DE8}") = "src", "src", "{B098E570-E55B-409B-860E-0C82F62E9B01}"
EndProject
Project("{2150E333-8FDC-42A3-9474-1A3956D46DE8}") = "tests", "tests", "{70F779FE-2B37-4C39-97B5-BDBBA2D0BA2B}"
EndProject
Project("{2150E333-8FDC-42A3-9474-1A3956D46DE8}") = "api", "api", "{1CC5A148-FD81-4700-8FA1-F6B37909B94F}"
EndProject
Project("{2150E333-8FDC-42A3-9474-1A3956D46DE8}") = "modules", "modules", "{D2ECD443-61B4-43BF-8A44-6EF07C95EEC3}"
EndProject
Project("{2150E333-8FDC-42A3-9474-1A3956D46DE8}") = "shared", "shared", "{0062CABD-E328-4749-9B0A-C104DA09B9B9}"
EndProject
Project("{2150E333-8FDC-42A3-9474-1A3956D46DE8}") = "users", "users", "{1777EE13-EE2B-431D-870C-333008DE72B1}"
EndProject
Project("{2150E333-8FDC-42A3-9474-1A3956D46DE8}") = "transactions", "transactions", "{A070AD13-9D6C-4894-90A9-D08D2F67BE05}"
EndProject
Project("{FAE04EC0-301F-11D3-BF4B-00C04F79EFBC}") = "BlueHarvest.Modules.Users.Core", "src\modules\users\BlueHarvest.Modules.Users.Core\BlueHarvest.Modules.Users.Core.csproj", "{C2AC211A-7E1C-4BDF-89EB-0FDF63D9064A}"
EndProject
Project("{FAE04EC0-301F-11D3-BF4B-00C04F79EFBC}") = "BlueHarvest.Shared.Application", "src\shared\BlueHarvest.Shared.Application\BlueHarvest.Shared.Application.csproj", "{C1FCD58E-6569-4229-A36B-EACC6D2EAD86}"
EndProject
Project("{FAE04EC0-301F-11D3-BF4B-00C04F79EFBC}") = "BlueHarvest.Shared.Infrastructure", "src\shared\BlueHarvest.Shared.Infrastructure\BlueHarvest.Shared.Infrastructure.csproj", "{5E4A74FC-0A50-4604-91AA-DF19A5628DE9}"
EndProject
Project("{FAE04EC0-301F-11D3-BF4B-00C04F79EFBC}") = "BlueHarvest.Modules.Users.Api", "src\modules\users\BlueHarvest.Modules.Users.Api\BlueHarvest.Modules.Users.Api.csproj", "{F7A55F60-F99E-41A9-BDA7-D7B09DACC91F}"
EndProject
Global
	GlobalSection(SolutionConfigurationPlatforms) = preSolution
		Debug|Any CPU = Debug|Any CPU
		Release|Any CPU = Release|Any CPU
	EndGlobalSection
	GlobalSection(NestedProjects) = preSolution
		{1CC5A148-FD81-4700-8FA1-F6B37909B94F} = {B098E570-E55B-409B-860E-0C82F62E9B01}
		{D2ECD443-61B4-43BF-8A44-6EF07C95EEC3} = {B098E570-E55B-409B-860E-0C82F62E9B01}
		{0062CABD-E328-4749-9B0A-C104DA09B9B9} = {B098E570-E55B-409B-860E-0C82F62E9B01}
		{1777EE13-EE2B-431D-870C-333008DE72B1} = {D2ECD443-61B4-43BF-8A44-6EF07C95EEC3}
		{A070AD13-9D6C-4894-90A9-D08D2F67BE05} = {D2ECD443-61B4-43BF-8A44-6EF07C95EEC3}
		{C2AC211A-7E1C-4BDF-89EB-0FDF63D9064A} = {1777EE13-EE2B-431D-870C-333008DE72B1}
		{C1FCD58E-6569-4229-A36B-EACC6D2EAD86} = {0062CABD-E328-4749-9B0A-C104DA09B9B9}
		{5E4A74FC-0A50-4604-91AA-DF19A5628DE9} = {0062CABD-E328-4749-9B0A-C104DA09B9B9}
		{F7A55F60-F99E-41A9-BDA7-D7B09DACC91F} = {1777EE13-EE2B-431D-870C-333008DE72B1}
	EndGlobalSection
	GlobalSection(ProjectConfigurationPlatforms) = postSolution
		{C2AC211A-7E1C-4BDF-89EB-0FDF63D9064A}.Debug|Any CPU.ActiveCfg = Debug|Any CPU
		{C2AC211A-7E1C-4BDF-89EB-0FDF63D9064A}.Debug|Any CPU.Build.0 = Debug|Any CPU
		{C2AC211A-7E1C-4BDF-89EB-0FDF63D9064A}.Release|Any CPU.ActiveCfg = Release|Any CPU
		{C2AC211A-7E1C-4BDF-89EB-0FDF63D9064A}.Release|Any CPU.Build.0 = Release|Any CPU
		{C1FCD58E-6569-4229-A36B-EACC6D2EAD86}.Debug|Any CPU.ActiveCfg = Debug|Any CPU
		{C1FCD58E-6569-4229-A36B-EACC6D2EAD86}.Debug|Any CPU.Build.0 = Debug|Any CPU
		{C1FCD58E-6569-4229-A36B-EACC6D2EAD86}.Release|Any CPU.ActiveCfg = Release|Any CPU
		{C1FCD58E-6569-4229-A36B-EACC6D2EAD86}.Release|Any CPU.Build.0 = Release|Any CPU
		{5E4A74FC-0A50-4604-91AA-DF19A5628DE9}.Debug|Any CPU.ActiveCfg = Debug|Any CPU
		{5E4A74FC-0A50-4604-91AA-DF19A5628DE9}.Debug|Any CPU.Build.0 = Debug|Any CPU
		{5E4A74FC-0A50-4604-91AA-DF19A5628DE9}.Release|Any CPU.ActiveCfg = Release|Any CPU
		{5E4A74FC-0A50-4604-91AA-DF19A5628DE9}.Release|Any CPU.Build.0 = Release|Any CPU
		{F7A55F60-F99E-41A9-BDA7-D7B09DACC91F}.Debug|Any CPU.ActiveCfg = Debug|Any CPU
		{F7A55F60-F99E-41A9-BDA7-D7B09DACC91F}.Debug|Any CPU.Build.0 = Debug|Any CPU
		{F7A55F60-F99E-41A9-BDA7-D7B09DACC91F}.Release|Any CPU.ActiveCfg = Release|Any CPU
		{F7A55F60-F99E-41A9-BDA7-D7B09DACC91F}.Release|Any CPU.Build.0 = Release|Any CPU
	EndGlobalSection
EndGlobal
